
Microsoft Visual Studio Solution File, Format Version 12.00
# Visual Studio Version 16
VisualStudioVersion = 16.0.31515.178
MinimumVisualStudioVersion = 10.0.40219.1
Project("{8BC9CEB8-8B4A-11D0-8D11-00A0C91BC942}") = "WinAPI_framework", "WinAPI_framework\WinAPI_framework.vcxproj", "{695DA1BA-5B39-4EE3-9267-59C3A0AFDBD7}"
EndProject
Global
	GlobalSection(SolutionConfigurationPlatforms) = preSolution
		Debug|x64 = Debug|x64
		Debug|x86 = Debug|x86
		Release|x64 = Release|x64
		Release|x86 = Release|x86
	EndGlobalSection
	GlobalSection(ProjectConfigurationPlatforms) = postSolution
		{695DA1BA-5B39-4EE3-9267-59C3A0AFDBD7}.Debug|x64.ActiveCfg = Debug|x64
		{695DA1BA-5B39-4EE3-9267-59C3A0AFDBD7}.Debug|x64.Build.0 = Debug|x64
		{695DA1BA-5B39-4EE3-9267-59C3A0AFDBD7}.Debug|x86.ActiveCfg = Debug|Win32
		{695DA1BA-5B39-4EE3-9267-59C3A0AFDBD7}.Debug|x86.Build.0 = Debug|Win32
		{695DA1BA-5B39-4EE3-9267-59C3A0AFDBD7}.Release|x64.ActiveCfg = Release|x64
		{695DA1BA-5B39-4EE3-9267-59C3A0AFDBD7}.Release|x64.Build.0 = Release|x64
		{695DA1BA-5B39-4EE3-9267-59C3A0AFDBD7}.Release|x86.ActiveCfg = Release|Win32
		{695DA1BA-5B39-4EE3-9267-59C3A0AFDBD7}.Release|x86.Build.0 = Release|Win32
	EndGlobalSection
	GlobalSection(SolutionProperties) = preSolution
		HideSolutionNode = FALSE
	EndGlobalSection
	GlobalSection(ExtensibilityGlobals) = postSolution
		SolutionGuid = {A42A3E94-C15D-4AF9-9201-2B5D07159A88}
	EndGlobalSection
EndGlobal
